
Microsoft Visual Studio Solution File, Format Version 12.00
# Visual Studio Version 17
VisualStudioVersion = 17.6.33801.468
MinimumVisualStudioVersion = 10.0.40219.1
Project("{FAE04EC0-301F-11D3-BF4B-00C04F79EFBC}") = "AIML_BOT", "AIML_BOT\AIML_BOT.csproj", "{48955457-A23B-4C8C-AE28-AD3B6AE26FB7}"
EndProject
Global
	GlobalSection(SolutionConfigurationPlatforms) = preSolution
		Debug|Any CPU = Debug|Any CPU
		Release|Any CPU = Release|Any CPU
	EndGlobalSection
	GlobalSection(ProjectConfigurationPlatforms) = postSolution
		{48955457-A23B-4C8C-AE28-AD3B6AE26FB7}.Debug|Any CPU.ActiveCfg = Debug|Any CPU
		{48955457-A23B-4C8C-AE28-AD3B6AE26FB7}.Debug|Any CPU.Build.0 = Debug|Any CPU
		{48955457-A23B-4C8C-AE28-AD3B6AE26FB7}.Release|Any CPU.ActiveCfg = Release|Any CPU
		{48955457-A23B-4C8C-AE28-AD3B6AE26FB7}.Release|Any CPU.Build.0 = Release|Any CPU
	EndGlobalSection
	GlobalSection(SolutionProperties) = preSolution
		HideSolutionNode = FALSE
	EndGlobalSection
	GlobalSection(ExtensibilityGlobals) = postSolution
		SolutionGuid = {74823190-9770-48DD-BD47-7DD88D00FC56}
	EndGlobalSection
EndGlobal
